Microsoft Visual Studio Solution File, Format Version 12.00
# Visual Studio Version 17
VisualStudioVersion = 17.5.2.0
MinimumVisualStudioVersion = 10.0.40219.1
Project("{FAE04EC0-301F-11D3-BF4B-00C04F79EFBC}") = "WebScraper", "WebScraper.csproj", "{0CD1031F-A448-B7FE-E766-B5012F61E5FE}"
EndProject
Global
	GlobalSection(SolutionConfigurationPlatforms) = preSolution
		Debug|Any CPU = Debug|Any CPU
		Release|Any CPU = Release|Any CPU
	EndGlobalSection
	GlobalSection(ProjectConfigurationPlatforms) = postSolution
		{0CD1031F-A448-B7FE-E766-B5012F61E5FE}.Debug|Any CPU.ActiveCfg = Debug|Any CPU
		{0CD1031F-A448-B7FE-E766-B5012F61E5FE}.Debug|Any CPU.Build.0 = Debug|Any CPU
		{0CD1031F-A448-B7FE-E766-B5012F61E5FE}.Release|Any CPU.ActiveCfg = Release|Any CPU
		{0CD1031F-A448-B7FE-E766-B5012F61E5FE}.Release|Any CPU.Build.0 = Release|Any CPU
	EndGlobalSection
	GlobalSection(SolutionProperties) = preSolution
		HideSolutionNode = FALSE
	EndGlobalSection
	GlobalSection(ExtensibilityGlobals) = postSolution
		SolutionGuid = {C47A5D3E-9440-4E8C-8536-7A6724E36254}
	EndGlobalSection
EndGlobal
